
Microsoft Visual Studio Solution File, Format Version 12.00
# Visual Studio Version 17
VisualStudioVersion = 17.3.32929.385
MinimumVisualStudioVersion = 10.0.40219.1
Project("{FAE04EC0-301F-11D3-BF4B-00C04F79EFBC}") = "ExpenseTracker", "ExpenseTracker\ExpenseTracker.csproj", "{D91A333A-3512-42FB-B378-22211E86E359}"
EndProject
Project("{2150E333-8FDC-42A3-9474-1A3956D46DE8}") = "Solution Items", "Solution Items", "{21934752-A97C-4F27-916E-9254EC7DC0DF}"
	ProjectSection(SolutionItems) = preProject
		.editorconfig = .editorconfig
	EndProjectSection
EndProject
Global
	GlobalSection(SolutionConfigurationPlatforms) = preSolution
		Debug|Any CPU = Debug|Any CPU
		Release|Any CPU = Release|Any CPU
	EndGlobalSection
	GlobalSection(ProjectConfigurationPlatforms) = postSolution
		{D91A333A-3512-42FB-B378-22211E86E359}.Debug|Any CPU.ActiveCfg = Debug|Any CPU
		{D91A333A-3512-42FB-B378-22211E86E359}.Debug|Any CPU.Build.0 = Debug|Any CPU
		{D91A333A-3512-42FB-B378-22211E86E359}.Release|Any CPU.ActiveCfg = Release|Any CPU
		{D91A333A-3512-42FB-B378-22211E86E359}.Release|Any CPU.Build.0 = Release|Any CPU
	EndGlobalSection
	GlobalSection(SolutionProperties) = preSolution
		HideSolutionNode = FALSE
	EndGlobalSection
	GlobalSection(ExtensibilityGlobals) = postSolution
		SolutionGuid = {4A930867-AEBA-4217-A27A-651F2E42DD94}
	EndGlobalSection
EndGlobal
